
Microsoft Visual Studio Solution File, Format Version 12.00
# Visual Studio Version 16
VisualStudioVersion = 16.0.31410.357
MinimumVisualStudioVersion = 10.0.40219.1
Project("{FAE04EC0-301F-11D3-BF4B-00C04F79EFBC}") = "CurrencyConverter", "CurrencyConverter\CurrencyConverter.csproj", "{5A7652DF-5FAE-4EE0-BB09-A485FDA7E0DA}"
EndProject
Project("{FAE04EC0-301F-11D3-BF4B-00C04F79EFBC}") = "CurrencyConverter.Tests", "CurrencyConverter.Tests\CurrencyConverter.Tests.csproj", "{5AD3E4AF-436E-47D7-8558-488FEAAB7993}"
EndProject
Global
	GlobalSection(SolutionConfigurationPlatforms) = preSolution
		Debug|Any CPU = Debug|Any CPU
		Release|Any CPU = Release|Any CPU
	EndGlobalSection
	GlobalSection(ProjectConfigurationPlatforms) = postSolution
		{5A7652DF-5FAE-4EE0-BB09-A485FDA7E0DA}.Debug|Any CPU.ActiveCfg = Debug|Any CPU
		{5A7652DF-5FAE-4EE0-BB09-A485FDA7E0DA}.Debug|Any CPU.Build.0 = Debug|Any CPU
		{5A7652DF-5FAE-4EE0-BB09-A485FDA7E0DA}.Release|Any CPU.ActiveCfg = Release|Any CPU
		{5A7652DF-5FAE-4EE0-BB09-A485FDA7E0DA}.Release|Any CPU.Build.0 = Release|Any CPU
		{5AD3E4AF-436E-47D7-8558-488FEAAB7993}.Debug|Any CPU.ActiveCfg = Debug|Any CPU
		{5AD3E4AF-436E-47D7-8558-488FEAAB7993}.Debug|Any CPU.Build.0 = Debug|Any CPU
		{5AD3E4AF-436E-47D7-8558-488FEAAB7993}.Release|Any CPU.ActiveCfg = Release|Any CPU
		{5AD3E4AF-436E-47D7-8558-488FEAAB7993}.Release|Any CPU.Build.0 = Release|Any CPU
	EndGlobalSection
	GlobalSection(SolutionProperties) = preSolution
		HideSolutionNode = FALSE
	EndGlobalSection
	GlobalSection(ExtensibilityGlobals) = postSolution
		SolutionGuid = {4DC1B643-EEC1-4583-8AC9-2B019F2206BE}
	EndGlobalSection
EndGlobal
